
Microsoft Visual Studio Solution File, Format Version 12.00
# Visual Studio Version 17
VisualStudioVersion = 17.5.002.0
MinimumVisualStudioVersion = 10.0.40219.1
Project("{2150E333-8FDC-42A3-9474-1A3956D46DE8}") = "Authentication", "Authentication", "{64AF81E3-3D83-4848-AB4A-326FA661E280}"
EndProject
Project("{9A19103F-16F7-4668-BE54-9A1E7A4F7556}") = "ApiKey", "Authentication\ApiKey\ApiKey.csproj", "{FE9D1CA4-39F4-4833-8E3A-DAEC4FD750D7}"
EndProject
Project("{FAE04EC0-301F-11D3-BF4B-00C04F79EFBC}") = "SwaggerApiKeySecurity", "Authentication\SwaggerApiKeySecurity\SwaggerApiKeySecurity.csproj", "{EE1749EA-47C1-4EBE-8EE5-EE2681C19CEC}"
EndProject
Global
	GlobalSection(SolutionConfigurationPlatforms) = preSolution
		Debug|Any CPU = Debug|Any CPU
		Release|Any CPU = Release|Any CPU
	EndGlobalSection
	GlobalSection(ProjectConfigurationPlatforms) = postSolution
		{FE9D1CA4-39F4-4833-8E3A-DAEC4FD750D7}.Debug|Any CPU.ActiveCfg = Debug|Any CPU
		{FE9D1CA4-39F4-4833-8E3A-DAEC4FD750D7}.Debug|Any CPU.Build.0 = Debug|Any CPU
		{FE9D1CA4-39F4-4833-8E3A-DAEC4FD750D7}.Release|Any CPU.ActiveCfg = Release|Any CPU
		{FE9D1CA4-39F4-4833-8E3A-DAEC4FD750D7}.Release|Any CPU.Build.0 = Release|Any CPU
		{EE1749EA-47C1-4EBE-8EE5-EE2681C19CEC}.Debug|Any CPU.ActiveCfg = Debug|Any CPU
		{EE1749EA-47C1-4EBE-8EE5-EE2681C19CEC}.Debug|Any CPU.Build.0 = Debug|Any CPU
		{EE1749EA-47C1-4EBE-8EE5-EE2681C19CEC}.Release|Any CPU.ActiveCfg = Release|Any CPU
		{EE1749EA-47C1-4EBE-8EE5-EE2681C19CEC}.Release|Any CPU.Build.0 = Release|Any CPU
	EndGlobalSection
	GlobalSection(SolutionProperties) = preSolution
		HideSolutionNode = FALSE
	EndGlobalSection
	GlobalSection(NestedProjects) = preSolution
		{EE1749EA-47C1-4EBE-8EE5-EE2681C19CEC} = {64AF81E3-3D83-4848-AB4A-326FA661E280}
		{FE9D1CA4-39F4-4833-8E3A-DAEC4FD750D7} = {64AF81E3-3D83-4848-AB4A-326FA661E280}
	EndGlobalSection
	GlobalSection(ExtensibilityGlobals) = postSolution
		SolutionGuid = {B8B903D8-F6AB-436B-9C42-94467A0E67CD}
	EndGlobalSection
EndGlobal
