
Microsoft Visual Studio Solution File, Format Version 12.00
# Visual Studio Version 17
VisualStudioVersion = 17.5.002.0
MinimumVisualStudioVersion = 10.0.40219.1
Project("{2150E333-8FDC-42A3-9474-1A3956D46DE8}") = "Authentication", "Authentication", "{64AF81E3-3D83-4848-AB4A-326FA661E280}"
EndProject
Project("{9A19103F-16F7-4668-BE54-9A1E7A4F7556}") = "ApiKey", "Authentication\ApiKey\ApiKey.csproj", "{FE9D1CA4-39F4-4833-8E3A-DAEC4FD750D7}"
EndProject
Project("{FAE04EC0-301F-11D3-BF4B-00C04F79EFBC}") = "SwaggerApiKeySecurity", "Authentication\SwaggerApiKeySecurity\SwaggerApiKeySecurity.csproj", "{EE1749EA-47C1-4EBE-8EE5-EE2681C19CEC}"
EndProject
Project("{2150E333-8FDC-42A3-9474-1A3956D46DE8}") = "CityInfo.API", "CityInfo.API", "{B1E1E2EA-AFFB-444A-BAD6-2BEB11B515D3}"
EndProject
Project("{FAE04EC0-301F-11D3-BF4B-00C04F79EFBC}") = "GettingStarted", "CityInfo.API\GettingStarted\GettingStarted.csproj", "{866F06BE-EB6D-4FED-BA08-E7684B61569F}"
EndProject
Project("{FAE04EC0-301F-11D3-BF4B-00C04F79EFBC}") = "AddingControllers", "CityInfo.API\AddingControllers\AddingControllers.csproj", "{4BF54552-0B84-43D5-A458-81B4A4587945}"
EndProject
Project("{2150E333-8FDC-42A3-9474-1A3956D46DE8}") = "WorkingWithFiles", "WorkingWithFiles", "{8C13B24B-4EB7-42F1-8925-DA636AA22B46}"
	ProjectSection(SolutionItems) = preProject
	EndProjectSection
EndProject
Project("{FAE04EC0-301F-11D3-BF4B-00C04F79EFBC}") = "WorkingWithFiles", "WorkingWithFiles\WorkingWithFiles.csproj", "{CBF81BAE-5D72-4F72-9663-F17372812A75}"
EndProject
Project("{FAE04EC0-301F-11D3-BF4B-00C04F79EFBC}") = "CRUD", "CityInfo.API\CRUD\CRUD.csproj", "{6208A657-7C95-44D0-8931-06E2DE36CE13}"
EndProject
Project("{FAE04EC0-301F-11D3-BF4B-00C04F79EFBC}") = "Logging", "CityInfo.API\Logging\Logging.csproj", "{A7DAA116-2BD6-4149-B753-F12297590DCE}"
EndProject
Project("{FAE04EC0-301F-11D3-BF4B-00C04F79EFBC}") = "Services", "CityInfo.API\Services\Services.csproj", "{B22FDFD8-39EC-4C90-8C10-C4CAD5EAA5E2}"
EndProject
Global
	GlobalSection(SolutionConfigurationPlatforms) = preSolution
		Debug|Any CPU = Debug|Any CPU
		Release|Any CPU = Release|Any CPU
	EndGlobalSection
	GlobalSection(ProjectConfigurationPlatforms) = postSolution
		{FE9D1CA4-39F4-4833-8E3A-DAEC4FD750D7}.Debug|Any CPU.ActiveCfg = Debug|Any CPU
		{FE9D1CA4-39F4-4833-8E3A-DAEC4FD750D7}.Debug|Any CPU.Build.0 = Debug|Any CPU
		{FE9D1CA4-39F4-4833-8E3A-DAEC4FD750D7}.Release|Any CPU.ActiveCfg = Release|Any CPU
		{FE9D1CA4-39F4-4833-8E3A-DAEC4FD750D7}.Release|Any CPU.Build.0 = Release|Any CPU
		{EE1749EA-47C1-4EBE-8EE5-EE2681C19CEC}.Debug|Any CPU.ActiveCfg = Debug|Any CPU
		{EE1749EA-47C1-4EBE-8EE5-EE2681C19CEC}.Debug|Any CPU.Build.0 = Debug|Any CPU
		{EE1749EA-47C1-4EBE-8EE5-EE2681C19CEC}.Release|Any CPU.ActiveCfg = Release|Any CPU
		{EE1749EA-47C1-4EBE-8EE5-EE2681C19CEC}.Release|Any CPU.Build.0 = Release|Any CPU
		{866F06BE-EB6D-4FED-BA08-E7684B61569F}.Debug|Any CPU.ActiveCfg = Debug|Any CPU
		{866F06BE-EB6D-4FED-BA08-E7684B61569F}.Debug|Any CPU.Build.0 = Debug|Any CPU
		{866F06BE-EB6D-4FED-BA08-E7684B61569F}.Release|Any CPU.ActiveCfg = Release|Any CPU
		{866F06BE-EB6D-4FED-BA08-E7684B61569F}.Release|Any CPU.Build.0 = Release|Any CPU
		{4BF54552-0B84-43D5-A458-81B4A4587945}.Debug|Any CPU.ActiveCfg = Debug|Any CPU
		{4BF54552-0B84-43D5-A458-81B4A4587945}.Debug|Any CPU.Build.0 = Debug|Any CPU
		{4BF54552-0B84-43D5-A458-81B4A4587945}.Release|Any CPU.ActiveCfg = Release|Any CPU
		{4BF54552-0B84-43D5-A458-81B4A4587945}.Release|Any CPU.Build.0 = Release|Any CPU
		{CBF81BAE-5D72-4F72-9663-F17372812A75}.Debug|Any CPU.ActiveCfg = Debug|Any CPU
		{CBF81BAE-5D72-4F72-9663-F17372812A75}.Debug|Any CPU.Build.0 = Debug|Any CPU
		{CBF81BAE-5D72-4F72-9663-F17372812A75}.Release|Any CPU.ActiveCfg = Release|Any CPU
		{CBF81BAE-5D72-4F72-9663-F17372812A75}.Release|Any CPU.Build.0 = Release|Any CPU
		{6208A657-7C95-44D0-8931-06E2DE36CE13}.Debug|Any CPU.ActiveCfg = Debug|Any CPU
		{6208A657-7C95-44D0-8931-06E2DE36CE13}.Debug|Any CPU.Build.0 = Debug|Any CPU
		{6208A657-7C95-44D0-8931-06E2DE36CE13}.Release|Any CPU.ActiveCfg = Release|Any CPU
		{6208A657-7C95-44D0-8931-06E2DE36CE13}.Release|Any CPU.Build.0 = Release|Any CPU
		{A7DAA116-2BD6-4149-B753-F12297590DCE}.Debug|Any CPU.ActiveCfg = Debug|Any CPU
		{A7DAA116-2BD6-4149-B753-F12297590DCE}.Debug|Any CPU.Build.0 = Debug|Any CPU
		{A7DAA116-2BD6-4149-B753-F12297590DCE}.Release|Any CPU.ActiveCfg = Release|Any CPU
		{A7DAA116-2BD6-4149-B753-F12297590DCE}.Release|Any CPU.Build.0 = Release|Any CPU
		{B22FDFD8-39EC-4C90-8C10-C4CAD5EAA5E2}.Debug|Any CPU.ActiveCfg = Debug|Any CPU
		{B22FDFD8-39EC-4C90-8C10-C4CAD5EAA5E2}.Debug|Any CPU.Build.0 = Debug|Any CPU
		{B22FDFD8-39EC-4C90-8C10-C4CAD5EAA5E2}.Release|Any CPU.ActiveCfg = Release|Any CPU
		{B22FDFD8-39EC-4C90-8C10-C4CAD5EAA5E2}.Release|Any CPU.Build.0 = Release|Any CPU
	EndGlobalSection
	GlobalSection(SolutionProperties) = preSolution
		HideSolutionNode = FALSE
	EndGlobalSection
	GlobalSection(NestedProjects) = preSolution
		{CBF81BAE-5D72-4F72-9663-F17372812A75} = {8C13B24B-4EB7-42F1-8925-DA636AA22B46}
		{EE1749EA-47C1-4EBE-8EE5-EE2681C19CEC} = {64AF81E3-3D83-4848-AB4A-326FA661E280}
		{FE9D1CA4-39F4-4833-8E3A-DAEC4FD750D7} = {64AF81E3-3D83-4848-AB4A-326FA661E280}
		{866F06BE-EB6D-4FED-BA08-E7684B61569F} = {B1E1E2EA-AFFB-444A-BAD6-2BEB11B515D3}
		{4BF54552-0B84-43D5-A458-81B4A4587945} = {B1E1E2EA-AFFB-444A-BAD6-2BEB11B515D3}
		{6208A657-7C95-44D0-8931-06E2DE36CE13} = {B1E1E2EA-AFFB-444A-BAD6-2BEB11B515D3}
		{A7DAA116-2BD6-4149-B753-F12297590DCE} = {B1E1E2EA-AFFB-444A-BAD6-2BEB11B515D3}
		{B22FDFD8-39EC-4C90-8C10-C4CAD5EAA5E2} = {B1E1E2EA-AFFB-444A-BAD6-2BEB11B515D3}
	EndGlobalSection
	GlobalSection(ExtensibilityGlobals) = postSolution
		SolutionGuid = {B8B903D8-F6AB-436B-9C42-94467A0E67CD}
	EndGlobalSection
EndGlobal
